
Microsoft Visual Studio Solution File, Format Version 12.00
# Visual Studio Version 17
VisualStudioVersion = 17.5.33516.290
MinimumVisualStudioVersion = 10.0.40219.1
Project("{FAE04EC0-301F-11D3-BF4B-00C04F79EFBC}") = "eTickets", "eTickets\eTickets.csproj", "{02523AB3-7428-4012-9553-AECC6590A113}"
EndProject
Global
	GlobalSection(SolutionConfigurationPlatforms) = preSolution
		Debug|Any CPU = Debug|Any CPU
		Release|Any CPU = Release|Any CPU
	EndGlobalSection
	GlobalSection(ProjectConfigurationPlatforms) = postSolution
		{02523AB3-7428-4012-9553-AECC6590A113}.Debug|Any CPU.ActiveCfg = Debug|Any CPU
		{02523AB3-7428-4012-9553-AECC6590A113}.Debug|Any CPU.Build.0 = Debug|Any CPU
		{02523AB3-7428-4012-9553-AECC6590A113}.Release|Any CPU.ActiveCfg = Release|Any CPU
		{02523AB3-7428-4012-9553-AECC6590A113}.Release|Any CPU.Build.0 = Release|Any CPU
	EndGlobalSection
	GlobalSection(SolutionProperties) = preSolution
		HideSolutionNode = FALSE
	EndGlobalSection
	GlobalSection(ExtensibilityGlobals) = postSolution
		SolutionGuid = {79A52628-FCF0-424F-AC12-509FB4EC1CC3}
	EndGlobalSection
EndGlobal
